# THIS IS AN AUTOGENERATED FILE. DO NOT EDIT THIS FILE DIRECTLY.
# yarn lockfile v1


"@remindle/design-tokens@^1.0.0":
  version "1.0.0"
  resolved "https://npm.pkg.github.com/download/@remindle/design-tokens/1.0.0/25580038ae2b73d84f9fa4b6ca7ed213414d03754c36ac5179bf14fa24a8ee98#35686b78f01fb4607178db2163fce89d2a869095"
  integrity sha512-JyT1M12Sn8bcdnYhfVTR8MCiEuZ/gIiitsN66JclFVLGL4P3eRUn49YVwIXaOuTYhbc2g/tTd/GvzhSsZXrYpQ==
